// !$*UTF8*$!
{
	archiveVersion = 1;
	classes = {
	};
	objectVersion = 55;
	objects = {

/* Begin PBXBuildFile section */
		6B00590928F0183300BBE1AD /* Strings.swift in Sources */ = {isa = PBXBuildFile; fileRef = 6B00590828F0183300BBE1AD /* Strings.swift */; };
		6B14962028F8767D00B3D6F2 /* Links.swift in Sources */ = {isa = PBXBuildFile; fileRef = 6B14961F28F8767D00B3D6F2 /* Links.swift */; };
		6B39F77B28F1CB1500B66EDC /* MainTabBarController.swift in Sources */ = {isa = PBXBuildFile; fileRef = 6B39F77A28F1CB1500B66EDC /* MainTabBarController.swift */; };
		6B39F78028F2E68100B66EDC /* SearchScreenScrollContentView.swift in Sources */ = {isa = PBXBuildFile; fileRef = 6B39F77F28F2E68100B66EDC /* SearchScreenScrollContentView.swift */; };
		6B39F78228F2F1E800B66EDC /* GoodsViewController.swift in Sources */ = {isa = PBXBuildFile; fileRef = 6B39F78128F2F1E800B66EDC /* GoodsViewController.swift */; };
		6B8359F928F9247800A8931E /* OrderStatusView.swift in Sources */ = {isa = PBXBuildFile; fileRef = 6B8359F828F9247800A8931E /* OrderStatusView.swift */; };
		6BBC467C28EFCD2100EA2F46 /* AppDelegate.swift in Sources */ = {isa = PBXBuildFile; fileRef = 6BBC467B28EFCD2100EA2F46 /* AppDelegate.swift */; };
		6BBC468028EFCD2100EA2F46 /* CommonSearchScreenViewController.swift in Sources */ = {isa = PBXBuildFile; fileRef = 6BBC467F28EFCD2100EA2F46 /* CommonSearchScreenViewController.swift */; };
		6BBC468528EFCD2500EA2F46 /* Assets.xcassets in Resources */ = {isa = PBXBuildFile; fileRef = 6BBC468428EFCD2500EA2F46 /* Assets.xcassets */; };
		6BBC468828EFCD2500EA2F46 /* LaunchScreen.storyboard in Resources */ = {isa = PBXBuildFile; fileRef = 6BBC468628EFCD2500EA2F46 /* LaunchScreen.storyboard */; };
		6BBC469628EFD4F900EA2F46 /* GoodsView.swift in Sources */ = {isa = PBXBuildFile; fileRef = 6BBC469528EFD4F900EA2F46 /* GoodsView.swift */; };
		6BBC469828EFE51500EA2F46 /* RequestVariablesView.swift in Sources */ = {isa = PBXBuildFile; fileRef = 6BBC469728EFE51500EA2F46 /* RequestVariablesView.swift */; };
		6BBC46A028EFF62A00EA2F46 /* BuscetScreenViewController.swift in Sources */ = {isa = PBXBuildFile; fileRef = 6BBC469F28EFF62A00EA2F46 /* BuscetScreenViewController.swift */; };
		6BBC46A228EFF63A00EA2F46 /* ForYouScreenViewController.swift in Sources */ = {isa = PBXBuildFile; fileRef = 6BBC46A128EFF63A00EA2F46 /* ForYouScreenViewController.swift */; };
		6BBC46A428EFF64700EA2F46 /* BuyScreenViewController.swift in Sources */ = {isa = PBXBuildFile; fileRef = 6BBC46A328EFF64700EA2F46 /* BuyScreenViewController.swift */; };
		6BC5A96B28F7CB7F003D3D33 /* WebViewViewController.swift in Sources */ = {isa = PBXBuildFile; fileRef = 6BC5A96A28F7CB7F003D3D33 /* WebViewViewController.swift */; };
		6BC5A96D28F7CC20003D3D33 /* SerfBarView.swift in Sources */ = {isa = PBXBuildFile; fileRef = 6BC5A96C28F7CC20003D3D33 /* SerfBarView.swift */; };
/* End PBXBuildFile section */

/* Begin PBXFileReference section */
		6B00590828F0183300BBE1AD /* Strings.swift */ = {isa = PBXFileReference; lastKnownFileType = sourcecode.swift; path = Strings.swift; sourceTree = "<group>"; };
		6B14961F28F8767D00B3D6F2 /* Links.swift */ = {isa = PBXFileReference; lastKnownFileType = sourcecode.swift; path = Links.swift; sourceTree = "<group>"; };
		6B39F77A28F1CB1500B66EDC /* MainTabBarController.swift */ = {isa = PBXFileReference; lastKnownFileType = sourcecode.swift; path = MainTabBarController.swift; sourceTree = "<group>"; };
		6B39F77F28F2E68100B66EDC /* SearchScreenScrollContentView.swift */ = {isa = PBXFileReference; lastKnownFileType = sourcecode.swift; path = SearchScreenScrollContentView.swift; sourceTree = "<group>"; };
		6B39F78128F2F1E800B66EDC /* GoodsViewController.swift */ = {isa = PBXFileReference; lastKnownFileType = sourcecode.swift; path = GoodsViewController.swift; sourceTree = "<group>"; };
		6B8359F828F9247800A8931E /* OrderStatusView.swift */ = {isa = PBXFileReference; lastKnownFileType = sourcecode.swift; path = OrderStatusView.swift; sourceTree = "<group>"; };
		6BBC467828EFCD2100EA2F46 /* ShopProjectHomeWork.app */ = {isa = PBXFileReference; explicitFileType = wrapper.application; includeInIndex = 0; path = ShopProjectHomeWork.app; sourceTree = BUILT_PRODUCTS_DIR; };
		6BBC467B28EFCD2100EA2F46 /* AppDelegate.swift */ = {isa = PBXFileReference; lastKnownFileType = sourcecode.swift; path = AppDelegate.swift; sourceTree = "<group>"; };
		6BBC467F28EFCD2100EA2F46 /* CommonSearchScreenViewController.swift */ = {isa = PBXFileReference; lastKnownFileType = sourcecode.swift; path = CommonSearchScreenViewController.swift; sourceTree = "<group>"; };
		6BBC468428EFCD2500EA2F46 /* Assets.xcassets */ = {isa = PBXFileReference; lastKnownFileType = folder.assetcatalog; path = Assets.xcassets; sourceTree = "<group>"; };
		6BBC468728EFCD2500EA2F46 /* Base */ = {isa = PBXFileReference; lastKnownFileType = file.storyboard; name = Base; path = Base.lproj/LaunchScreen.storyboard; sourceTree = "<group>"; };
		6BBC468928EFCD2500EA2F46 /* Info.plist */ = {isa = PBXFileReference; lastKnownFileType = text.plist.xml; path = Info.plist; sourceTree = "<group>"; };
		6BBC469528EFD4F900EA2F46 /* GoodsView.swift */ = {isa = PBXFileReference; lastKnownFileType = sourcecode.swift; path = GoodsView.swift; sourceTree = "<group>"; };
		6BBC469728EFE51500EA2F46 /* RequestVariablesView.swift */ = {isa = PBXFileReference; lastKnownFileType = sourcecode.swift; path = RequestVariablesView.swift; sourceTree = "<group>"; };
		6BBC469F28EFF62A00EA2F46 /* BuscetScreenViewController.swift */ = {isa = PBXFileReference; lastKnownFileType = sourcecode.swift; path = BuscetScreenViewController.swift; sourceTree = "<group>"; };
		6BBC46A128EFF63A00EA2F46 /* ForYouScreenViewController.swift */ = {isa = PBXFileReference; lastKnownFileType = sourcecode.swift; path = ForYouScreenViewController.swift; sourceTree = "<group>"; };
		6BBC46A328EFF64700EA2F46 /* BuyScreenViewController.swift */ = {isa = PBXFileReference; lastKnownFileType = sourcecode.swift; path = BuyScreenViewController.swift; sourceTree = "<group>"; };
		6BC5A96A28F7CB7F003D3D33 /* WebViewViewController.swift */ = {isa = PBXFileReference; lastKnownFileType = sourcecode.swift; path = WebViewViewController.swift; sourceTree = "<group>"; };
		6BC5A96C28F7CC20003D3D33 /* SerfBarView.swift */ = {isa = PBXFileReference; lastKnownFileType = sourcecode.swift; path = SerfBarView.swift; sourceTree = "<group>"; };
/* End PBXFileReference section */

/* Begin PBXFrameworksBuildPhase section */
		6BBC467528EFCD2100EA2F46 /* Frameworks */ = {
			isa = PBXFrameworksBuildPhase;
			buildActionMask = 2147483647;
			files = (
			);
			runOnlyForDeploymentPostprocessing = 0;
		};
/* End PBXFrameworksBuildPhase section */

/* Begin PBXGroup section */
		6B00590728F0181F00BBE1AD /* Localizible */ = {
			isa = PBXGroup;
			children = (
				6B00590828F0183300BBE1AD /* Strings.swift */,
			);
			path = Localizible;
			sourceTree = "<group>";
		};
		6B39F77928F1CAF700B66EDC /* MainTabBarController */ = {
			isa = PBXGroup;
			children = (
				6B39F77A28F1CB1500B66EDC /* MainTabBarController.swift */,
			);
			path = MainTabBarController;
			sourceTree = "<group>";
		};
		6BBC466F28EFCD2100EA2F46 = {
			isa = PBXGroup;
			children = (
				6BBC467A28EFCD2100EA2F46 /* ShopProjectHomeWork */,
				6BBC467928EFCD2100EA2F46 /* Products */,
			);
			sourceTree = "<group>";
		};
		6BBC467928EFCD2100EA2F46 /* Products */ = {
			isa = PBXGroup;
			children = (
				6BBC467828EFCD2100EA2F46 /* ShopProjectHomeWork.app */,
			);
			name = Products;
			sourceTree = "<group>";
		};
		6BBC467A28EFCD2100EA2F46 /* ShopProjectHomeWork */ = {
			isa = PBXGroup;
			children = (
				6BC5A96928F7CB63003D3D33 /* WebViewController */,
				6B39F77928F1CAF700B66EDC /* MainTabBarController */,
				6BBC469E28EFF60D00EA2F46 /* BuscetScreen */,
				6BBC469D28EFF5F900EA2F46 /* ForYouScreen */,
				6BBC469C28EFF5DF00EA2F46 /* BuyScreen */,
				6BBC469028EFD1AD00EA2F46 /* SearchScreen */,
				6B00590728F0181F00BBE1AD /* Localizible */,
				6BBC467B28EFCD2100EA2F46 /* AppDelegate.swift */,
				6BBC468428EFCD2500EA2F46 /* Assets.xcassets */,
				6BBC468628EFCD2500EA2F46 /* LaunchScreen.storyboard */,
				6BBC468928EFCD2500EA2F46 /* Info.plist */,
			);
			path = ShopProjectHomeWork;
			sourceTree = "<group>";
		};
		6BBC469028EFD1AD00EA2F46 /* SearchScreen */ = {
			isa = PBXGroup;
			children = (
				6BBC467F28EFCD2100EA2F46 /* CommonSearchScreenViewController.swift */,
				6BBC469528EFD4F900EA2F46 /* GoodsView.swift */,
				6BBC469728EFE51500EA2F46 /* RequestVariablesView.swift */,
				6B39F77F28F2E68100B66EDC /* SearchScreenScrollContentView.swift */,
				6B39F78128F2F1E800B66EDC /* GoodsViewController.swift */,
			);
			path = SearchScreen;
			sourceTree = "<group>";
		};
		6BBC469C28EFF5DF00EA2F46 /* BuyScreen */ = {
			isa = PBXGroup;
			children = (
				6BBC46A328EFF64700EA2F46 /* BuyScreenViewController.swift */,
			);
			path = BuyScreen;
			sourceTree = "<group>";
		};
		6BBC469D28EFF5F900EA2F46 /* ForYouScreen */ = {
			isa = PBXGroup;
			children = (
				6BBC46A128EFF63A00EA2F46 /* ForYouScreenViewController.swift */,
				6B8359F828F9247800A8931E /* OrderStatusView.swift */,
			);
			path = ForYouScreen;
			sourceTree = "<group>";
		};
		6BBC469E28EFF60D00EA2F46 /* BuscetScreen */ = {
			isa = PBXGroup;
			children = (
				6BBC469F28EFF62A00EA2F46 /* BuscetScreenViewController.swift */,
			);
			path = BuscetScreen;
			sourceTree = "<group>";
		};
		6BC5A96928F7CB63003D3D33 /* WebViewController */ = {
			isa = PBXGroup;
			children = (
				6BC5A96A28F7CB7F003D3D33 /* WebViewViewController.swift */,
				6BC5A96C28F7CC20003D3D33 /* SerfBarView.swift */,
				6B14961F28F8767D00B3D6F2 /* Links.swift */,
			);
			path = WebViewController;
			sourceTree = "<group>";
		};
/* End PBXGroup section */

/* Begin PBXNativeTarget section */
		6BBC467728EFCD2100EA2F46 /* ShopProjectHomeWork */ = {
			isa = PBXNativeTarget;
			buildConfigurationList = 6BBC468C28EFCD2500EA2F46 /* Build configuration list for PBXNativeTarget "ShopProjectHomeWork" */;
			buildPhases = (
				6BBC468F28EFCD6D00EA2F46 /* SwiftLint */,
				6BBC467428EFCD2100EA2F46 /* Sources */,
				6BBC467528EFCD2100EA2F46 /* Frameworks */,
				6BBC467628EFCD2100EA2F46 /* Resources */,
			);
			buildRules = (
			);
			dependencies = (
			);
			name = ShopProjectHomeWork;
			productName = ShopProjectHomeWork;
			productReference = 6BBC467828EFCD2100EA2F46 /* ShopProjectHomeWork.app */;
			productType = "com.apple.product-type.application";
		};
/* End PBXNativeTarget section */

/* Begin PBXProject section */
		6BBC467028EFCD2100EA2F46 /* Project object */ = {
			isa = PBXProject;
			attributes = {
				BuildIndependentTargetsInParallel = 1;
				LastSwiftUpdateCheck = 1330;
				LastUpgradeCheck = 1330;
				TargetAttributes = {
					6BBC467728EFCD2100EA2F46 = {
						CreatedOnToolsVersion = 13.3.1;
					};
				};
			};
			buildConfigurationList = 6BBC467328EFCD2100EA2F46 /* Build configuration list for PBXProject "ShopProjectHomeWork" */;
			compatibilityVersion = "Xcode 13.0";
			developmentRegion = en;
			hasScannedForEncodings = 0;
			knownRegions = (
				en,
				Base,
			);
			mainGroup = 6BBC466F28EFCD2100EA2F46;
			productRefGroup = 6BBC467928EFCD2100EA2F46 /* Products */;
			projectDirPath = "";
			projectRoot = "";
			targets = (
				6BBC467728EFCD2100EA2F46 /* ShopProjectHomeWork */,
			);
		};
/* End PBXProject section */

/* Begin PBXResourcesBuildPhase section */
		6BBC467628EFCD2100EA2F46 /* Resources */ = {
			isa = PBXResourcesBuildPhase;
			buildActionMask = 2147483647;
			files = (
				6BBC468828EFCD2500EA2F46 /* LaunchScreen.storyboard in Resources */,
				6BBC468528EFCD2500EA2F46 /* Assets.xcassets in Resources */,
			);
			runOnlyForDeploymentPostprocessing = 0;
		};
/* End PBXResourcesBuildPhase section */

/* Begin PBXShellScriptBuildPhase section */
		6BBC468F28EFCD6D00EA2F46 /* SwiftLint */ = {
			isa = PBXShellScriptBuildPhase;
			buildActionMask = 2147483647;
			files = (
			);
			inputFileListPaths = (
			);
			inputPaths = (
			);
			name = SwiftLint;
			outputFileListPaths = (
			);
			outputPaths = (
			);
			runOnlyForDeploymentPostprocessing = 0;
			shellPath = /bin/sh;
			shellScript = "export PATH=\"$PATH:/opt/homebrew/bin\"\nif which swiftlint > /dev/null; then\n  swiftlint\nelse\n  echo \"warning: SwiftLint not installed, download from https://github.com/realm/SwiftLint\"\nfi\n";
		};
/* End PBXShellScriptBuildPhase section */

/* Begin PBXSourcesBuildPhase section */
		6BBC467428EFCD2100EA2F46 /* Sources */ = {
			isa = PBXSourcesBuildPhase;
			buildActionMask = 2147483647;
			files = (
				6BC5A96D28F7CC20003D3D33 /* SerfBarView.swift in Sources */,
				6BBC468028EFCD2100EA2F46 /* CommonSearchScreenViewController.swift in Sources */,
				6B00590928F0183300BBE1AD /* Strings.swift in Sources */,
				6B39F77B28F1CB1500B66EDC /* MainTabBarController.swift in Sources */,
				6BBC46A228EFF63A00EA2F46 /* ForYouScreenViewController.swift in Sources */,
				6B39F78028F2E68100B66EDC /* SearchScreenScrollContentView.swift in Sources */,
				6BBC469628EFD4F900EA2F46 /* GoodsView.swift in Sources */,
				6BBC469828EFE51500EA2F46 /* RequestVariablesView.swift in Sources */,
				6B39F78228F2F1E800B66EDC /* GoodsViewController.swift in Sources */,
				6B8359F928F9247800A8931E /* OrderStatusView.swift in Sources */,
				6BBC46A028EFF62A00EA2F46 /* BuscetScreenViewController.swift in Sources */,
				6BBC467C28EFCD2100EA2F46 /* AppDelegate.swift in Sources */,
				6B14962028F8767D00B3D6F2 /* Links.swift in Sources */,
				6BC5A96B28F7CB7F003D3D33 /* WebViewViewController.swift in Sources */,
				6BBC46A428EFF64700EA2F46 /* BuyScreenViewController.swift in Sources */,
			);
			runOnlyForDeploymentPostprocessing = 0;
		};
/* End PBXSourcesBuildPhase section */

/* Begin PBXVariantGroup section */
		6BBC468628EFCD2500EA2F46 /* LaunchScreen.storyboard */ = {
			isa = PBXVariantGroup;
			children = (
				6BBC468728EFCD2500EA2F46 /* Base */,
			);
			name = LaunchScreen.storyboard;
			sourceTree = "<group>";
		};
/* End PBXVariantGroup section */

/* Begin XCBuildConfiguration section */
		6BBC468A28EFCD2500EA2F46 /* Debug */ = {
			isa = XCBuildConfiguration;
			buildSettings = {
				ALWAYS_SEARCH_USER_PATHS = NO;
				CLANG_ANALYZER_NONNULL = YES;
				CLANG_ANALYZER_NUMBER_OBJECT_CONVERSION = YES_AGGRESSIVE;
				CLANG_CXX_LANGUAGE_STANDARD = "gnu++17";
				CLANG_ENABLE_MODULES = YES;
				CLANG_ENABLE_OBJC_ARC = YES;
				CLANG_ENABLE_OBJC_WEAK = YES;
				CLANG_WARN_BLOCK_CAPTURE_AUTORELEASING = YES;
				CLANG_WARN_BOOL_CONVERSION = YES;
				CLANG_WARN_COMMA = YES;
				CLANG_WARN_CONSTANT_CONVERSION = YES;
				CLANG_WARN_DEPRECATED_OBJC_IMPLEMENTATIONS = YES;
				CLANG_WARN_DIRECT_OBJC_ISA_USAGE = YES_ERROR;
				CLANG_WARN_DOCUMENTATION_COMMENTS = YES;
				CLANG_WARN_EMPTY_BODY = YES;
				CLANG_WARN_ENUM_CONVERSION = YES;
				CLANG_WARN_INFINITE_RECURSION = YES;
				CLANG_WARN_INT_CONVERSION = YES;
				CLANG_WARN_NON_LITERAL_NULL_CONVERSION = YES;
				CLANG_WARN_OBJC_IMPLICIT_RETAIN_SELF = YES;
				CLANG_WARN_OBJC_LITERAL_CONVERSION = YES;
				CLANG_WARN_OBJC_ROOT_CLASS = YES_ERROR;
				CLANG_WARN_QUOTED_INCLUDE_IN_FRAMEWORK_HEADER = YES;
				CLANG_WARN_RANGE_LOOP_ANALYSIS = YES;
				CLANG_WARN_STRICT_PROTOTYPES = YES;
				CLANG_WARN_SUSPICIOUS_MOVE = YES;
				CLANG_WARN_UNGUARDED_AVAILABILITY = YES_AGGRESSIVE;
				CLANG_WARN_UNREACHABLE_CODE = YES;
				CLANG_WARN__DUPLICATE_METHOD_MATCH = YES;
				COPY_PHASE_STRIP = NO;
				DEBUG_INFORMATION_FORMAT = dwarf;
				ENABLE_STRICT_OBJC_MSGSEND = YES;
				ENABLE_TESTABILITY = YES;
				GCC_C_LANGUAGE_STANDARD = gnu11;
				GCC_DYNAMIC_NO_PIC = NO;
				GCC_NO_COMMON_BLOCKS = YES;
				GCC_OPTIMIZATION_LEVEL = 0;
				GCC_PREPROCESSOR_DEFINITIONS = (
					"DEBUG=1",
					"$(inherited)",
				);
				GCC_WARN_64_TO_32_BIT_CONVERSION = YES;
				GCC_WARN_ABOUT_RETURN_TYPE = YES_ERROR;
				GCC_WARN_UNDECLARED_SELECTOR = YES;
				GCC_WARN_UNINITIALIZED_AUTOS = YES_AGGRESSIVE;
				GCC_WARN_UNUSED_FUNCTION = YES;
				GCC_WARN_UNUSED_VARIABLE = YES;
				IPHONEOS_DEPLOYMENT_TARGET = 15.4;
				MTL_ENABLE_DEBUG_INFO = INCLUDE_SOURCE;
				MTL_FAST_MATH = YES;
				ONLY_ACTIVE_ARCH = YES;
				SDKROOT = iphoneos;
				SWIFT_ACTIVE_COMPILATION_CONDITIONS = DEBUG;
				SWIFT_OPTIMIZATION_LEVEL = "-Onone";
			};
			name = Debug;
		};
		6BBC468B28EFCD2500EA2F46 /* Release */ = {
			isa = XCBuildConfiguration;
			buildSettings = {
				ALWAYS_SEARCH_USER_PATHS = NO;
				CLANG_ANALYZER_NONNULL = YES;
				CLANG_ANALYZER_NUMBER_OBJECT_CONVERSION = YES_AGGRESSIVE;
				CLANG_CXX_LANGUAGE_STANDARD = "gnu++17";
				CLANG_ENABLE_MODULES = YES;
				CLANG_ENABLE_OBJC_ARC = YES;
				CLANG_ENABLE_OBJC_WEAK = YES;
				CLANG_WARN_BLOCK_CAPTURE_AUTORELEASING = YES;
				CLANG_WARN_BOOL_CONVERSION = YES;
				CLANG_WARN_COMMA = YES;
				CLANG_WARN_CONSTANT_CONVERSION = YES;
				CLANG_WARN_DEPRECATED_OBJC_IMPLEMENTATIONS = YES;
				CLANG_WARN_DIRECT_OBJC_ISA_USAGE = YES_ERROR;
				CLANG_WARN_DOCUMENTATION_COMMENTS = YES;
				CLANG_WARN_EMPTY_BODY = YES;
				CLANG_WARN_ENUM_CONVERSION = YES;
				CLANG_WARN_INFINITE_RECURSION = YES;
				CLANG_WARN_INT_CONVERSION = YES;
				CLANG_WARN_NON_LITERAL_NULL_CONVERSION = YES;
				CLANG_WARN_OBJC_IMPLICIT_RETAIN_SELF = YES;
				CLANG_WARN_OBJC_LITERAL_CONVERSION = YES;
				CLANG_WARN_OBJC_ROOT_CLASS = YES_ERROR;
				CLANG_WARN_QUOTED_INCLUDE_IN_FRAMEWORK_HEADER = YES;
				CLANG_WARN_RANGE_LOOP_ANALYSIS = YES;
				CLANG_WARN_STRICT_PROTOTYPES = YES;
				CLANG_WARN_SUSPICIOUS_MOVE = YES;
				CLANG_WARN_UNGUARDED_AVAILABILITY = YES_AGGRESSIVE;
				CLANG_WARN_UNREACHABLE_CODE = YES;
				CLANG_WARN__DUPLICATE_METHOD_MATCH = YES;
				COPY_PHASE_STRIP = NO;
				DEBUG_INFORMATION_FORMAT = "dwarf-with-dsym";
				ENABLE_NS_ASSERTIONS = NO;
				ENABLE_STRICT_OBJC_MSGSEND = YES;
				GCC_C_LANGUAGE_STANDARD = gnu11;
				GCC_NO_COMMON_BLOCKS = YES;
				GCC_WARN_64_TO_32_BIT_CONVERSION = YES;
				GCC_WARN_ABOUT_RETURN_TYPE = YES_ERROR;
				GCC_WARN_UNDECLARED_SELECTOR = YES;
				GCC_WARN_UNINITIALIZED_AUTOS = YES_AGGRESSIVE;
				GCC_WARN_UNUSED_FUNCTION = YES;
				GCC_WARN_UNUSED_VARIABLE = YES;
				IPHONEOS_DEPLOYMENT_TARGET = 15.4;
				MTL_ENABLE_DEBUG_INFO = NO;
				MTL_FAST_MATH = YES;
				SDKROOT = iphoneos;
				SWIFT_COMPILATION_MODE = wholemodule;
				SWIFT_OPTIMIZATION_LEVEL = "-O";
				VALIDATE_PRODUCT = YES;
			};
			name = Release;
		};
		6BBC468D28EFCD2500EA2F46 /* Debug */ = {
			isa = XCBuildConfiguration;
			buildSettings = {
				ASSETCATALOG_COMPILER_APPICON_NAME = AppIcon;
				ASSETCATALOG_COMPILER_GLOBAL_ACCENT_COLOR_NAME = AccentColor;
				CODE_SIGN_STYLE = Manual;
				CURRENT_PROJECT_VERSION = 1;
				DEVELOPMENT_TEAM = "";
				GENERATE_INFOPLIST_FILE = YES;
				INFOPLIST_FILE = ShopProjectHomeWork/Info.plist;
				INFOPLIST_KEY_UIApplicationSupportsIndirectInputEvents = YES;
				INFOPLIST_KEY_UILaunchStoryboardName = LaunchScreen;
				INFOPLIST_KEY_UIMainStoryboardFile = LaunchScreen;
				INFOPLIST_KEY_UISupportedInterfaceOrientations_iPad = "UIInterfaceOrientationPortrait UIInterfaceOrientationPortraitUpsideDown UIInterfaceOrientationLandscapeLeft UIInterfaceOrientationLandscapeRight";
				INFOPLIST_KEY_UISupportedInterfaceOrientations_iPhone = "UIInterfaceOrientationPortrait UIInterfaceOrientationLandscapeLeft UIInterfaceOrientationLandscapeRight";
				LD_RUNPATH_SEARCH_PATHS = (
					"$(inherited)",
					"@executable_path/Frameworks",
				);
				MARKETING_VERSION = 1.0;
				PRODUCT_BUNDLE_IDENTIFIER = someacc.ShopProjectHomeWork;
				PRODUCT_NAME = "$(TARGET_NAME)";
				PROVISIONING_PROFILE_SPECIFIER = "";
				SWIFT_EMIT_LOC_STRINGS = YES;
				SWIFT_VERSION = 5.0;
				TARGETED_DEVICE_FAMILY = "1,2";
			};
			name = Debug;
		};
		6BBC468E28EFCD2500EA2F46 /* Release */ = {
			isa = XCBuildConfiguration;
			buildSettings = {
				ASSETCATALOG_COMPILER_APPICON_NAME = AppIcon;
				ASSETCATALOG_COMPILER_GLOBAL_ACCENT_COLOR_NAME = AccentColor;
				CODE_SIGN_STYLE = Manual;
				CURRENT_PROJECT_VERSION = 1;
				DEVELOPMENT_TEAM = "";
				GENERATE_INFOPLIST_FILE = YES;
				INFOPLIST_FILE = ShopProjectHomeWork/Info.plist;
				INFOPLIST_KEY_UIApplicationSupportsIndirectInputEvents = YES;
				INFOPLIST_KEY_UILaunchStoryboardName = LaunchScreen;
				INFOPLIST_KEY_UIMainStoryboardFile = LaunchScreen;
				INFOPLIST_KEY_UISupportedInterfaceOrientations_iPad = "UIInterfaceOrientationPortrait UIInterfaceOrientationPortraitUpsideDown UIInterfaceOrientationLandscapeLeft UIInterfaceOrientationLandscapeRight";
				INFOPLIST_KEY_UISupportedInterfaceOrientations_iPhone = "UIInterfaceOrientationPortrait UIInterfaceOrientationLandscapeLeft UIInterfaceOrientationLandscapeRight";
				LD_RUNPATH_SEARCH_PATHS = (
					"$(inherited)",
					"@executable_path/Frameworks",
				);
				MARKETING_VERSION = 1.0;
				PRODUCT_BUNDLE_IDENTIFIER = someacc.ShopProjectHomeWork;
				PRODUCT_NAME = "$(TARGET_NAME)";
				PROVISIONING_PROFILE_SPECIFIER = "";
				SWIFT_EMIT_LOC_STRINGS = YES;
				SWIFT_VERSION = 5.0;
				TARGETED_DEVICE_FAMILY = "1,2";
			};
			name = Release;
		};
/* End XCBuildConfiguration section */

/* Begin XCConfigurationList section */
		6BBC467328EFCD2100EA2F46 /* Build configuration list for PBXProject "ShopProjectHomeWork" */ = {
			isa = XCConfigurationList;
			buildConfigurations = (
				6BBC468A28EFCD2500EA2F46 /* Debug */,
				6BBC468B28EFCD2500EA2F46 /* Release */,
			);
			defaultConfigurationIsVisible = 0;
			defaultConfigurationName = Release;
		};
		6BBC468C28EFCD2500EA2F46 /* Build configuration list for PBXNativeTarget "ShopProjectHomeWork" */ = {
			isa = XCConfigurationList;
			buildConfigurations = (
				6BBC468D28EFCD2500EA2F46 /* Debug */,
				6BBC468E28EFCD2500EA2F46 /* Release */,
			);
			defaultConfigurationIsVisible = 0;
			defaultConfigurationName = Release;
		};
/* End XCConfigurationList section */
	};
	rootObject = 6BBC467028EFCD2100EA2F46 /* Project object */;
}
